
Microsoft Visual Studio Solution File, Format Version 12.00
# Visual Studio Version 16
VisualStudioVersion = 25.0.1706.11
MinimumVisualStudioVersion = 10.0.40219.1
Project("{FAE04EC0-301F-11D3-BF4B-00C04F79EFBC}") = "GitHubActionsMAUI", "GitHubActionsMAUI\GitHubActionsMAUI.csproj", "{3A815A96-275F-4C2A-A24F-A1C970CDCF1A}"
EndProject
Global
	GlobalSection(SolutionConfigurationPlatforms) = preSolution
		Debug|Any CPU = Debug|Any CPU
		Release|Any CPU = Release|Any CPU
	EndGlobalSection
	GlobalSection(ProjectConfigurationPlatforms) = postSolution
		{3A815A96-275F-4C2A-A24F-A1C970CDCF1A}.Debug|Any CPU.ActiveCfg = Debug|Any CPU
		{3A815A96-275F-4C2A-A24F-A1C970CDCF1A}.Debug|Any CPU.Build.0 = Debug|Any CPU
		{3A815A96-275F-4C2A-A24F-A1C970CDCF1A}.Release|Any CPU.ActiveCfg = Release|Any CPU
		{3A815A96-275F-4C2A-A24F-A1C970CDCF1A}.Release|Any CPU.Build.0 = Release|Any CPU
	EndGlobalSection
	GlobalSection(SolutionProperties) = preSolution
		HideSolutionNode = FALSE
	EndGlobalSection
	GlobalSection(ExtensibilityGlobals) = postSolution
		SolutionGuid = {5EB9ADF2-D201-49E4-8BDB-0883408FB741}
	EndGlobalSection
EndGlobal
